// !$*UTF8*$!
{
	archiveVersion = 1;
	classes = {
	};
	objectVersion = 56;
	objects = {

/* Begin PBXBuildFile section */
		D3779A3B2C8B2562001A721A /* AppSecrets.plist in Resources */ = {isa = PBXBuildFile; fileRef = D3779A3A2C8B2562001A721A /* AppSecrets.plist */; };
		D3779A3E2C8B2788001A721A /* AppSecrets.swift in Sources */ = {isa = PBXBuildFile; fileRef = D3779A3D2C8B2788001A721A /* AppSecrets.swift */; };
		D3779A402C8B399D001A721A /* CharacterDatabaseView.swift in Sources */ = {isa = PBXBuildFile; fileRef = D3779A3F2C8B399D001A721A /* CharacterDatabaseView.swift */; };
		D3779A422C8B39D6001A721A /* CharacterDatabaseViewModel.swift in Sources */ = {isa = PBXBuildFile; fileRef = D3779A412C8B39D6001A721A /* CharacterDatabaseViewModel.swift */; };
		D3779A442C8B3D3B001A721A /* LoadingView.swift in Sources */ = {isa = PBXBuildFile; fileRef = D3779A432C8B3D3A001A721A /* LoadingView.swift */; };
		D3779A462C8B3D6B001A721A /* ErrorView.swift in Sources */ = {isa = PBXBuildFile; fileRef = D3779A452C8B3D6B001A721A /* ErrorView.swift */; };
		D3779A492C8B757B001A721A /* FetchCharactersUseCase.swift in Sources */ = {isa = PBXBuildFile; fileRef = D3779A482C8B757B001A721A /* FetchCharactersUseCase.swift */; };
		D3779A4D2C8B7886001A721A /* Character.swift in Sources */ = {isa = PBXBuildFile; fileRef = D3779A4C2C8B7886001A721A /* Character.swift */; };
		D3779A502C8C4FF5001A721A /* Color.swift in Sources */ = {isa = PBXBuildFile; fileRef = D3779A4F2C8C4FF5001A721A /* Color.swift */; };
		D3779A522C8DDA8B001A721A /* CharacterListItemView.swift in Sources */ = {isa = PBXBuildFile; fileRef = D3779A512C8DDA8B001A721A /* CharacterListItemView.swift */; };
		D3779A582C8F06B1001A721A /* Reachability in Frameworks */ = {isa = PBXBuildFile; productRef = D3779A572C8F06B1001A721A /* Reachability */; };
		D3779A5A2C8F0934001A721A /* FavoriteCharactersView.swift in Sources */ = {isa = PBXBuildFile; fileRef = D3779A592C8F0934001A721A /* FavoriteCharactersView.swift */; };
		D3779A5C2C8F0967001A721A /* CharacterDetailsView.swift in Sources */ = {isa = PBXBuildFile; fileRef = D3779A5B2C8F0966001A721A /* CharacterDetailsView.swift */; };
		D3BCBA5D2C8AED23002A9B1C /* HeroesDatabaseApp.swift in Sources */ = {isa = PBXBuildFile; fileRef = D3BCBA5C2C8AED23002A9B1C /* HeroesDatabaseApp.swift */; };
		D3BCBA612C8AED25002A9B1C /* Assets.xcassets in Resources */ = {isa = PBXBuildFile; fileRef = D3BCBA602C8AED25002A9B1C /* Assets.xcassets */; };
		D3BCBA642C8AED25002A9B1C /* Preview Assets.xcassets in Resources */ = {isa = PBXBuildFile; fileRef = D3BCBA632C8AED25002A9B1C /* Preview Assets.xcassets */; };
		D3BCBA6E2C8AED26002A9B1C /* HeroesDatabaseTests.swift in Sources */ = {isa = PBXBuildFile; fileRef = D3BCBA6D2C8AED26002A9B1C /* HeroesDatabaseTests.swift */; };
		D3BCBA782C8AED26002A9B1C /* HeroesDatabaseUITests.swift in Sources */ = {isa = PBXBuildFile; fileRef = D3BCBA772C8AED26002A9B1C /* HeroesDatabaseUITests.swift */; };
		D3BCBA7A2C8AED26002A9B1C /* HeroesDatabaseUITestsLaunchTests.swift in Sources */ = {isa = PBXBuildFile; fileRef = D3BCBA792C8AED26002A9B1C /* HeroesDatabaseUITestsLaunchTests.swift */; };
		D3BCBA8C2C8AF2F1002A9B1C /* RequestProtocol.swift in Sources */ = {isa = PBXBuildFile; fileRef = D3BCBA8B2C8AF2F1002A9B1C /* RequestProtocol.swift */; };
		D3BCBA8E2C8AF327002A9B1C /* FetchCharactersRequest.swift in Sources */ = {isa = PBXBuildFile; fileRef = D3BCBA8D2C8AF327002A9B1C /* FetchCharactersRequest.swift */; };
		D3BCBA902C8AF372002A9B1C /* FetchCharactersResponse.swift in Sources */ = {isa = PBXBuildFile; fileRef = D3BCBA8F2C8AF372002A9B1C /* FetchCharactersResponse.swift */; };
		D3BCBA922C8AF3F9002A9B1C /* SearchCharactersRequest.swift in Sources */ = {isa = PBXBuildFile; fileRef = D3BCBA912C8AF3F9002A9B1C /* SearchCharactersRequest.swift */; };
		D3BCBA942C8AF418002A9B1C /* SearchCharactersResponse.swift in Sources */ = {isa = PBXBuildFile; fileRef = D3BCBA932C8AF418002A9B1C /* SearchCharactersResponse.swift */; };
		D3BCBA962C8AF4BA002A9B1C /* ResponseState.swift in Sources */ = {isa = PBXBuildFile; fileRef = D3BCBA952C8AF4BA002A9B1C /* ResponseState.swift */; };
		D3BCBA982C8AF50C002A9B1C /* APIManager.swift in Sources */ = {isa = PBXBuildFile; fileRef = D3BCBA972C8AF50C002A9B1C /* APIManager.swift */; };
		D3BCBA9A2C8AF53B002A9B1C /* NetworkError.swift in Sources */ = {isa = PBXBuildFile; fileRef = D3BCBA992C8AF53B002A9B1C /* NetworkError.swift */; };
		D3BCBA9C2C8AF7E0002A9B1C /* CharactersService.swift in Sources */ = {isa = PBXBuildFile; fileRef = D3BCBA9B2C8AF7E0002A9B1C /* CharactersService.swift */; };
/* End PBXBuildFile section */

/* Begin PBXContainerItemProxy section */
		D3BCBA6A2C8AED26002A9B1C /* PBXContainerItemProxy */ = {
			isa = PBXContainerItemProxy;
			containerPortal = D3BCBA512C8AED23002A9B1C /* Project object */;
			proxyType = 1;
			remoteGlobalIDString = D3BCBA582C8AED23002A9B1C;
			remoteInfo = HeroesDatabase;
		};
		D3BCBA742C8AED26002A9B1C /* PBXContainerItemProxy */ = {
			isa = PBXContainerItemProxy;
			containerPortal = D3BCBA512C8AED23002A9B1C /* Project object */;
			proxyType = 1;
			remoteGlobalIDString = D3BCBA582C8AED23002A9B1C;
			remoteInfo = HeroesDatabase;
		};
/* End PBXContainerItemProxy section */

/* Begin PBXFileReference section */
		D3779A3A2C8B2562001A721A /* AppSecrets.plist */ = {isa = PBXFileReference; lastKnownFileType = text.plist.xml; path = AppSecrets.plist; sourceTree = "<group>"; };
		D3779A3D2C8B2788001A721A /* AppSecrets.swift */ = {isa = PBXFileReference; lastKnownFileType = sourcecode.swift; path = AppSecrets.swift; sourceTree = "<group>"; };
		D3779A3F2C8B399D001A721A /* CharacterDatabaseView.swift */ = {isa = PBXFileReference; lastKnownFileType = sourcecode.swift; path = CharacterDatabaseView.swift; sourceTree = "<group>"; };
		D3779A412C8B39D6001A721A /* CharacterDatabaseViewModel.swift */ = {isa = PBXFileReference; lastKnownFileType = sourcecode.swift; path = CharacterDatabaseViewModel.swift; sourceTree = "<group>"; };
		D3779A432C8B3D3A001A721A /* LoadingView.swift */ = {isa = PBXFileReference; lastKnownFileType = sourcecode.swift; path = LoadingView.swift; sourceTree = "<group>"; };
		D3779A452C8B3D6B001A721A /* ErrorView.swift */ = {isa = PBXFileReference; lastKnownFileType = sourcecode.swift; path = ErrorView.swift; sourceTree = "<group>"; };
		D3779A482C8B757B001A721A /* FetchCharactersUseCase.swift */ = {isa = PBXFileReference; lastKnownFileType = sourcecode.swift; path = FetchCharactersUseCase.swift; sourceTree = "<group>"; };
		D3779A4C2C8B7886001A721A /* Character.swift */ = {isa = PBXFileReference; lastKnownFileType = sourcecode.swift; path = Character.swift; sourceTree = "<group>"; };
		D3779A4F2C8C4FF5001A721A /* Color.swift */ = {isa = PBXFileReference; lastKnownFileType = sourcecode.swift; path = Color.swift; sourceTree = "<group>"; };
		D3779A512C8DDA8B001A721A /* CharacterListItemView.swift */ = {isa = PBXFileReference; lastKnownFileType = sourcecode.swift; path = CharacterListItemView.swift; sourceTree = "<group>"; };
		D3779A532C8DE69C001A721A /* Info.plist */ = {isa = PBXFileReference; lastKnownFileType = text.plist.xml; path = Info.plist; sourceTree = "<group>"; };
		D3779A592C8F0934001A721A /* FavoriteCharactersView.swift */ = {isa = PBXFileReference; lastKnownFileType = sourcecode.swift; path = FavoriteCharactersView.swift; sourceTree = "<group>"; };
		D3779A5B2C8F0966001A721A /* CharacterDetailsView.swift */ = {isa = PBXFileReference; lastKnownFileType = sourcecode.swift; path = CharacterDetailsView.swift; sourceTree = "<group>"; };
		D3BCBA592C8AED23002A9B1C /* HeroesDatabase.app */ = {isa = PBXFileReference; explicitFileType = wrapper.application; includeInIndex = 0; path = HeroesDatabase.app; sourceTree = BUILT_PRODUCTS_DIR; };
		D3BCBA5C2C8AED23002A9B1C /* HeroesDatabaseApp.swift */ = {isa = PBXFileReference; lastKnownFileType = sourcecode.swift; path = HeroesDatabaseApp.swift; sourceTree = "<group>"; };
		D3BCBA602C8AED25002A9B1C /* Assets.xcassets */ = {isa = PBXFileReference; lastKnownFileType = folder.assetcatalog; path = Assets.xcassets; sourceTree = "<group>"; };
		D3BCBA632C8AED25002A9B1C /* Preview Assets.xcassets */ = {isa = PBXFileReference; lastKnownFileType = folder.assetcatalog; path = "Preview Assets.xcassets"; sourceTree = "<group>"; };
		D3BCBA692C8AED26002A9B1C /* HeroesDatabaseTests.xctest */ = {isa = PBXFileReference; explicitFileType = wrapper.cfbundle; includeInIndex = 0; path = HeroesDatabaseTests.xctest; sourceTree = BUILT_PRODUCTS_DIR; };
		D3BCBA6D2C8AED26002A9B1C /* HeroesDatabaseTests.swift */ = {isa = PBXFileReference; lastKnownFileType = sourcecode.swift; path = HeroesDatabaseTests.swift; sourceTree = "<group>"; };
		D3BCBA732C8AED26002A9B1C /* HeroesDatabaseUITests.xctest */ = {isa = PBXFileReference; explicitFileType = wrapper.cfbundle; includeInIndex = 0; path = HeroesDatabaseUITests.xctest; sourceTree = BUILT_PRODUCTS_DIR; };
		D3BCBA772C8AED26002A9B1C /* HeroesDatabaseUITests.swift */ = {isa = PBXFileReference; lastKnownFileType = sourcecode.swift; path = HeroesDatabaseUITests.swift; sourceTree = "<group>"; };
		D3BCBA792C8AED26002A9B1C /* HeroesDatabaseUITestsLaunchTests.swift */ = {isa = PBXFileReference; lastKnownFileType = sourcecode.swift; path = HeroesDatabaseUITestsLaunchTests.swift; sourceTree = "<group>"; };
		D3BCBA8B2C8AF2F1002A9B1C /* RequestProtocol.swift */ = {isa = PBXFileReference; lastKnownFileType = sourcecode.swift; path = RequestProtocol.swift; sourceTree = "<group>"; };
		D3BCBA8D2C8AF327002A9B1C /* FetchCharactersRequest.swift */ = {isa = PBXFileReference; lastKnownFileType = sourcecode.swift; path = FetchCharactersRequest.swift; sourceTree = "<group>"; };
		D3BCBA8F2C8AF372002A9B1C /* FetchCharactersResponse.swift */ = {isa = PBXFileReference; lastKnownFileType = sourcecode.swift; path = FetchCharactersResponse.swift; sourceTree = "<group>"; };
		D3BCBA912C8AF3F9002A9B1C /* SearchCharactersRequest.swift */ = {isa = PBXFileReference; lastKnownFileType = sourcecode.swift; path = SearchCharactersRequest.swift; sourceTree = "<group>"; };
		D3BCBA932C8AF418002A9B1C /* SearchCharactersResponse.swift */ = {isa = PBXFileReference; lastKnownFileType = sourcecode.swift; path = SearchCharactersResponse.swift; sourceTree = "<group>"; };
		D3BCBA952C8AF4BA002A9B1C /* ResponseState.swift */ = {isa = PBXFileReference; lastKnownFileType = sourcecode.swift; path = ResponseState.swift; sourceTree = "<group>"; };
		D3BCBA972C8AF50C002A9B1C /* APIManager.swift */ = {isa = PBXFileReference; lastKnownFileType = sourcecode.swift; path = APIManager.swift; sourceTree = "<group>"; };
		D3BCBA992C8AF53B002A9B1C /* NetworkError.swift */ = {isa = PBXFileReference; lastKnownFileType = sourcecode.swift; path = NetworkError.swift; sourceTree = "<group>"; };
		D3BCBA9B2C8AF7E0002A9B1C /* CharactersService.swift */ = {isa = PBXFileReference; lastKnownFileType = sourcecode.swift; path = CharactersService.swift; sourceTree = "<group>"; };
/* End PBXFileReference section */

/* Begin PBXFrameworksBuildPhase section */
		D3BCBA562C8AED23002A9B1C /* Frameworks */ = {
			isa = PBXFrameworksBuildPhase;
			buildActionMask = 2147483647;
			files = (
				D3779A582C8F06B1001A721A /* Reachability in Frameworks */,
			);
			runOnlyForDeploymentPostprocessing = 0;
		};
		D3BCBA662C8AED25002A9B1C /* Frameworks */ = {
			isa = PBXFrameworksBuildPhase;
			buildActionMask = 2147483647;
			files = (
			);
			runOnlyForDeploymentPostprocessing = 0;
		};
		D3BCBA702C8AED26002A9B1C /* Frameworks */ = {
			isa = PBXFrameworksBuildPhase;
			buildActionMask = 2147483647;
			files = (
			);
			runOnlyForDeploymentPostprocessing = 0;
		};
/* End PBXFrameworksBuildPhase section */

/* Begin PBXGroup section */
		D3779A3C2C8B2778001A721A /* Infrastructure */ = {
			isa = PBXGroup;
			children = (
				D3779A3A2C8B2562001A721A /* AppSecrets.plist */,
				D3779A3D2C8B2788001A721A /* AppSecrets.swift */,
			);
			path = Infrastructure;
			sourceTree = "<group>";
		};
		D3779A472C8B7569001A721A /* UseCase */ = {
			isa = PBXGroup;
			children = (
				D3779A482C8B757B001A721A /* FetchCharactersUseCase.swift */,
			);
			path = UseCase;
			sourceTree = "<group>";
		};
		D3779A4A2C8B763E001A721A /* Data */ = {
			isa = PBXGroup;
			children = (
				D3779A4B2C8B7869001A721A /* Model */,
			);
			path = Data;
			sourceTree = "<group>";
		};
		D3779A4B2C8B7869001A721A /* Model */ = {
			isa = PBXGroup;
			children = (
				D3779A4C2C8B7886001A721A /* Character.swift */,
			);
			path = Model;
			sourceTree = "<group>";
		};
		D3779A4E2C8C4FE5001A721A /* Extensions */ = {
			isa = PBXGroup;
			children = (
				D3779A4F2C8C4FF5001A721A /* Color.swift */,
			);
			path = Extensions;
			sourceTree = "<group>";
		};
		D3BCBA502C8AED23002A9B1C = {
			isa = PBXGroup;
			children = (
				D3BCBA5B2C8AED23002A9B1C /* HeroesDatabase */,
				D3BCBA6C2C8AED26002A9B1C /* HeroesDatabaseTests */,
				D3BCBA762C8AED26002A9B1C /* HeroesDatabaseUITests */,
				D3BCBA5A2C8AED23002A9B1C /* Products */,
			);
			sourceTree = "<group>";
		};
		D3BCBA5A2C8AED23002A9B1C /* Products */ = {
			isa = PBXGroup;
			children = (
				D3BCBA592C8AED23002A9B1C /* HeroesDatabase.app */,
				D3BCBA692C8AED26002A9B1C /* HeroesDatabaseTests.xctest */,
				D3BCBA732C8AED26002A9B1C /* HeroesDatabaseUITests.xctest */,
			);
			name = Products;
			sourceTree = "<group>";
		};
		D3BCBA5B2C8AED23002A9B1C /* HeroesDatabase */ = {
			isa = PBXGroup;
			children = (
				D3779A532C8DE69C001A721A /* Info.plist */,
				D3BCBA9D2C8B0168002A9B1C /* Model */,
				D3BCBA9E2C8B0199002A9B1C /* ViewModel */,
				D3BCBA9F2C8B01A3002A9B1C /* View */,
				D3BCBAA02C8B0425002A9B1C /* Supporting Files */,
			);
			path = HeroesDatabase;
			sourceTree = "<group>";
		};
		D3BCBA622C8AED25002A9B1C /* Preview Content */ = {
			isa = PBXGroup;
			children = (
				D3BCBA632C8AED25002A9B1C /* Preview Assets.xcassets */,
			);
			path = "Preview Content";
			sourceTree = "<group>";
		};
		D3BCBA6C2C8AED26002A9B1C /* HeroesDatabaseTests */ = {
			isa = PBXGroup;
			children = (
				D3BCBA6D2C8AED26002A9B1C /* HeroesDatabaseTests.swift */,
			);
			path = HeroesDatabaseTests;
			sourceTree = "<group>";
		};
		D3BCBA762C8AED26002A9B1C /* HeroesDatabaseUITests */ = {
			isa = PBXGroup;
			children = (
				D3BCBA772C8AED26002A9B1C /* HeroesDatabaseUITests.swift */,
				D3BCBA792C8AED26002A9B1C /* HeroesDatabaseUITestsLaunchTests.swift */,
			);
			path = HeroesDatabaseUITests;
			sourceTree = "<group>";
		};
		D3BCBA882C8AF119002A9B1C /* Network */ = {
			isa = PBXGroup;
			children = (
				D3BCBA972C8AF50C002A9B1C /* APIManager.swift */,
				D3BCBA8B2C8AF2F1002A9B1C /* RequestProtocol.swift */,
				D3BCBA952C8AF4BA002A9B1C /* ResponseState.swift */,
				D3BCBA992C8AF53B002A9B1C /* NetworkError.swift */,
				D3BCBA892C8AF14B002A9B1C /* Model */,
			);
			path = Network;
			sourceTree = "<group>";
		};
		D3BCBA892C8AF14B002A9B1C /* Model */ = {
			isa = PBXGroup;
			children = (
				D3BCBA8D2C8AF327002A9B1C /* FetchCharactersRequest.swift */,
				D3BCBA8F2C8AF372002A9B1C /* FetchCharactersResponse.swift */,
				D3BCBA912C8AF3F9002A9B1C /* SearchCharactersRequest.swift */,
				D3BCBA932C8AF418002A9B1C /* SearchCharactersResponse.swift */,
			);
			path = Model;
			sourceTree = "<group>";
		};
		D3BCBA8A2C8AF151002A9B1C /* Service */ = {
			isa = PBXGroup;
			children = (
				D3BCBA9B2C8AF7E0002A9B1C /* CharactersService.swift */,
			);
			path = Service;
			sourceTree = "<group>";
		};
		D3BCBA9D2C8B0168002A9B1C /* Model */ = {
			isa = PBXGroup;
			children = (
				D3779A4E2C8C4FE5001A721A /* Extensions */,
				D3779A3C2C8B2778001A721A /* Infrastructure */,
				D3BCBA882C8AF119002A9B1C /* Network */,
				D3BCBA8A2C8AF151002A9B1C /* Service */,
				D3779A4A2C8B763E001A721A /* Data */,
				D3779A472C8B7569001A721A /* UseCase */,
			);
			path = Model;
			sourceTree = "<group>";
		};
		D3BCBA9E2C8B0199002A9B1C /* ViewModel */ = {
			isa = PBXGroup;
			children = (
				D3779A412C8B39D6001A721A /* CharacterDatabaseViewModel.swift */,
			);
			path = ViewModel;
			sourceTree = "<group>";
		};
		D3BCBA9F2C8B01A3002A9B1C /* View */ = {
			isa = PBXGroup;
			children = (
				D3779A3F2C8B399D001A721A /* CharacterDatabaseView.swift */,
				D3779A592C8F0934001A721A /* FavoriteCharactersView.swift */,
				D3779A5B2C8F0966001A721A /* CharacterDetailsView.swift */,
				D3779A512C8DDA8B001A721A /* CharacterListItemView.swift */,
				D3779A432C8B3D3A001A721A /* LoadingView.swift */,
				D3779A452C8B3D6B001A721A /* ErrorView.swift */,
			);
			path = View;
			sourceTree = "<group>";
		};
		D3BCBAA02C8B0425002A9B1C /* Supporting Files */ = {
			isa = PBXGroup;
			children = (
				D3BCBA5C2C8AED23002A9B1C /* HeroesDatabaseApp.swift */,
				D3BCBA602C8AED25002A9B1C /* Assets.xcassets */,
				D3BCBA622C8AED25002A9B1C /* Preview Content */,
			);
			path = "Supporting Files";
			sourceTree = "<group>";
		};
/* End PBXGroup section */

/* Begin PBXNativeTarget section */
		D3BCBA582C8AED23002A9B1C /* HeroesDatabase */ = {
			isa = PBXNativeTarget;
			buildConfigurationList = D3BCBA7D2C8AED26002A9B1C /* Build configuration list for PBXNativeTarget "HeroesDatabase" */;
			buildPhases = (
				D3BCBA552C8AED23002A9B1C /* Sources */,
				D3BCBA562C8AED23002A9B1C /* Frameworks */,
				D3BCBA572C8AED23002A9B1C /* Resources */,
			);
			buildRules = (
			);
			dependencies = (
			);
			name = HeroesDatabase;
			packageProductDependencies = (
				D3779A572C8F06B1001A721A /* Reachability */,
			);
			productName = HeroesDatabase;
			productReference = D3BCBA592C8AED23002A9B1C /* HeroesDatabase.app */;
			productType = "com.apple.product-type.application";
		};
		D3BCBA682C8AED25002A9B1C /* HeroesDatabaseTests */ = {
			isa = PBXNativeTarget;
			buildConfigurationList = D3BCBA802C8AED26002A9B1C /* Build configuration list for PBXNativeTarget "HeroesDatabaseTests" */;
			buildPhases = (
				D3BCBA652C8AED25002A9B1C /* Sources */,
				D3BCBA662C8AED25002A9B1C /* Frameworks */,
				D3BCBA672C8AED25002A9B1C /* Resources */,
			);
			buildRules = (
			);
			dependencies = (
				D3BCBA6B2C8AED26002A9B1C /* PBXTargetDependency */,
			);
			name = HeroesDatabaseTests;
			productName = HeroesDatabaseTests;
			productReference = D3BCBA692C8AED26002A9B1C /* HeroesDatabaseTests.xctest */;
			productType = "com.apple.product-type.bundle.unit-test";
		};
		D3BCBA722C8AED26002A9B1C /* HeroesDatabaseUITests */ = {
			isa = PBXNativeTarget;
			buildConfigurationList = D3BCBA832C8AED26002A9B1C /* Build configuration list for PBXNativeTarget "HeroesDatabaseUITests" */;
			buildPhases = (
				D3BCBA6F2C8AED26002A9B1C /* Sources */,
				D3BCBA702C8AED26002A9B1C /* Frameworks */,
				D3BCBA712C8AED26002A9B1C /* Resources */,
			);
			buildRules = (
			);
			dependencies = (
				D3BCBA752C8AED26002A9B1C /* PBXTargetDependency */,
			);
			name = HeroesDatabaseUITests;
			productName = HeroesDatabaseUITests;
			productReference = D3BCBA732C8AED26002A9B1C /* HeroesDatabaseUITests.xctest */;
			productType = "com.apple.product-type.bundle.ui-testing";
		};
/* End PBXNativeTarget section */

/* Begin PBXProject section */
		D3BCBA512C8AED23002A9B1C /* Project object */ = {
			isa = PBXProject;
			attributes = {
				BuildIndependentTargetsInParallel = 1;
				LastSwiftUpdateCheck = 1540;
				LastUpgradeCheck = 1540;
				TargetAttributes = {
					D3BCBA582C8AED23002A9B1C = {
						CreatedOnToolsVersion = 15.4;
					};
					D3BCBA682C8AED25002A9B1C = {
						CreatedOnToolsVersion = 15.4;
						TestTargetID = D3BCBA582C8AED23002A9B1C;
					};
					D3BCBA722C8AED26002A9B1C = {
						CreatedOnToolsVersion = 15.4;
						TestTargetID = D3BCBA582C8AED23002A9B1C;
					};
				};
			};
			buildConfigurationList = D3BCBA542C8AED23002A9B1C /* Build configuration list for PBXProject "HeroesDatabase" */;
			compatibilityVersion = "Xcode 14.0";
			developmentRegion = en;
			hasScannedForEncodings = 0;
			knownRegions = (
				en,
				Base,
			);
			mainGroup = D3BCBA502C8AED23002A9B1C;
			packageReferences = (
				D3BCBA862C8AEFC9002A9B1C /* XCRemoteSwiftPackageReference "realm-swift" */,
				D3BCBA872C8AF0E9002A9B1C /* XCRemoteSwiftPackageReference "SwiftLintPlugins" */,
				D3779A542C8F0583001A721A /* XCRemoteSwiftPackageReference "Reachability" */,
			);
			productRefGroup = D3BCBA5A2C8AED23002A9B1C /* Products */;
			projectDirPath = "";
			projectRoot = "";
			targets = (
				D3BCBA582C8AED23002A9B1C /* HeroesDatabase */,
				D3BCBA682C8AED25002A9B1C /* HeroesDatabaseTests */,
				D3BCBA722C8AED26002A9B1C /* HeroesDatabaseUITests */,
			);
		};
/* End PBXProject section */

/* Begin PBXResourcesBuildPhase section */
		D3BCBA572C8AED23002A9B1C /* Resources */ = {
			isa = PBXResourcesBuildPhase;
			buildActionMask = 2147483647;
			files = (
				D3BCBA642C8AED25002A9B1C /* Preview Assets.xcassets in Resources */,
				D3779A3B2C8B2562001A721A /* AppSecrets.plist in Resources */,
				D3BCBA612C8AED25002A9B1C /* Assets.xcassets in Resources */,
			);
			runOnlyForDeploymentPostprocessing = 0;
		};
		D3BCBA672C8AED25002A9B1C /* Resources */ = {
			isa = PBXResourcesBuildPhase;
			buildActionMask = 2147483647;
			files = (
			);
			runOnlyForDeploymentPostprocessing = 0;
		};
		D3BCBA712C8AED26002A9B1C /* Resources */ = {
			isa = PBXResourcesBuildPhase;
			buildActionMask = 2147483647;
			files = (
			);
			runOnlyForDeploymentPostprocessing = 0;
		};
/* End PBXResourcesBuildPhase section */

/* Begin PBXSourcesBuildPhase section */
		D3BCBA552C8AED23002A9B1C /* Sources */ = {
			isa = PBXSourcesBuildPhase;
			buildActionMask = 2147483647;
			files = (
				D3779A5A2C8F0934001A721A /* FavoriteCharactersView.swift in Sources */,
				D3BCBA942C8AF418002A9B1C /* SearchCharactersResponse.swift in Sources */,
				D3779A492C8B757B001A721A /* FetchCharactersUseCase.swift in Sources */,
				D3BCBA8C2C8AF2F1002A9B1C /* RequestProtocol.swift in Sources */,
				D3BCBA902C8AF372002A9B1C /* FetchCharactersResponse.swift in Sources */,
				D3BCBA982C8AF50C002A9B1C /* APIManager.swift in Sources */,
				D3779A422C8B39D6001A721A /* CharacterDatabaseViewModel.swift in Sources */,
				D3779A3E2C8B2788001A721A /* AppSecrets.swift in Sources */,
				D3BCBA9C2C8AF7E0002A9B1C /* CharactersService.swift in Sources */,
				D3779A4D2C8B7886001A721A /* Character.swift in Sources */,
				D3779A522C8DDA8B001A721A /* CharacterListItemView.swift in Sources */,
				D3779A442C8B3D3B001A721A /* LoadingView.swift in Sources */,
				D3779A502C8C4FF5001A721A /* Color.swift in Sources */,
				D3BCBA5D2C8AED23002A9B1C /* HeroesDatabaseApp.swift in Sources */,
				D3BCBA8E2C8AF327002A9B1C /* FetchCharactersRequest.swift in Sources */,
				D3BCBA962C8AF4BA002A9B1C /* ResponseState.swift in Sources */,
				D3779A402C8B399D001A721A /* CharacterDatabaseView.swift in Sources */,
				D3779A5C2C8F0967001A721A /* CharacterDetailsView.swift in Sources */,
				D3BCBA922C8AF3F9002A9B1C /* SearchCharactersRequest.swift in Sources */,
				D3BCBA9A2C8AF53B002A9B1C /* NetworkError.swift in Sources */,
				D3779A462C8B3D6B001A721A /* ErrorView.swift in Sources */,
			);
			runOnlyForDeploymentPostprocessing = 0;
		};
		D3BCBA652C8AED25002A9B1C /* Sources */ = {
			isa = PBXSourcesBuildPhase;
			buildActionMask = 2147483647;
			files = (
				D3BCBA6E2C8AED26002A9B1C /* HeroesDatabaseTests.swift in Sources */,
			);
			runOnlyForDeploymentPostprocessing = 0;
		};
		D3BCBA6F2C8AED26002A9B1C /* Sources */ = {
			isa = PBXSourcesBuildPhase;
			buildActionMask = 2147483647;
			files = (
				D3BCBA782C8AED26002A9B1C /* HeroesDatabaseUITests.swift in Sources */,
				D3BCBA7A2C8AED26002A9B1C /* HeroesDatabaseUITestsLaunchTests.swift in Sources */,
			);
			runOnlyForDeploymentPostprocessing = 0;
		};
/* End PBXSourcesBuildPhase section */

/* Begin PBXTargetDependency section */
		D3BCBA6B2C8AED26002A9B1C /* PBXTargetDependency */ = {
			isa = PBXTargetDependency;
			target = D3BCBA582C8AED23002A9B1C /* HeroesDatabase */;
			targetProxy = D3BCBA6A2C8AED26002A9B1C /* PBXContainerItemProxy */;
		};
		D3BCBA752C8AED26002A9B1C /* PBXTargetDependency */ = {
			isa = PBXTargetDependency;
			target = D3BCBA582C8AED23002A9B1C /* HeroesDatabase */;
			targetProxy = D3BCBA742C8AED26002A9B1C /* PBXContainerItemProxy */;
		};
/* End PBXTargetDependency section */

/* Begin XCBuildConfiguration section */
		D3BCBA7B2C8AED26002A9B1C /* Debug */ = {
			isa = XCBuildConfiguration;
			buildSettings = {
				ALWAYS_SEARCH_USER_PATHS = NO;
				ASSETCATALOG_COMPILER_GENERATE_SWIFT_ASSET_SYMBOL_EXTENSIONS = YES;
				CLANG_ANALYZER_NONNULL = YES;
				CLANG_ANALYZER_NUMBER_OBJECT_CONVERSION = YES_AGGRESSIVE;
				CLANG_CXX_LANGUAGE_STANDARD = "gnu++20";
				CLANG_ENABLE_MODULES = YES;
				CLANG_ENABLE_OBJC_ARC = YES;
				CLANG_ENABLE_OBJC_WEAK = YES;
				CLANG_WARN_BLOCK_CAPTURE_AUTORELEASING = YES;
				CLANG_WARN_BOOL_CONVERSION = YES;
				CLANG_WARN_COMMA = YES;
				CLANG_WARN_CONSTANT_CONVERSION = YES;
				CLANG_WARN_DEPRECATED_OBJC_IMPLEMENTATIONS = YES;
				CLANG_WARN_DIRECT_OBJC_ISA_USAGE = YES_ERROR;
				CLANG_WARN_DOCUMENTATION_COMMENTS = YES;
				CLANG_WARN_EMPTY_BODY = YES;
				CLANG_WARN_ENUM_CONVERSION = YES;
				CLANG_WARN_INFINITE_RECURSION = YES;
				CLANG_WARN_INT_CONVERSION = YES;
				CLANG_WARN_NON_LITERAL_NULL_CONVERSION = YES;
				CLANG_WARN_OBJC_IMPLICIT_RETAIN_SELF = YES;
				CLANG_WARN_OBJC_LITERAL_CONVERSION = YES;
				CLANG_WARN_OBJC_ROOT_CLASS = YES_ERROR;
				CLANG_WARN_QUOTED_INCLUDE_IN_FRAMEWORK_HEADER = YES;
				CLANG_WARN_RANGE_LOOP_ANALYSIS = YES;
				CLANG_WARN_STRICT_PROTOTYPES = YES;
				CLANG_WARN_SUSPICIOUS_MOVE = YES;
				CLANG_WARN_UNGUARDED_AVAILABILITY = YES_AGGRESSIVE;
				CLANG_WARN_UNREACHABLE_CODE = YES;
				CLANG_WARN__DUPLICATE_METHOD_MATCH = YES;
				COPY_PHASE_STRIP = NO;
				DEBUG_INFORMATION_FORMAT = dwarf;
				ENABLE_STRICT_OBJC_MSGSEND = YES;
				ENABLE_TESTABILITY = YES;
				ENABLE_USER_SCRIPT_SANDBOXING = YES;
				GCC_C_LANGUAGE_STANDARD = gnu17;
				GCC_DYNAMIC_NO_PIC = NO;
				GCC_NO_COMMON_BLOCKS = YES;
				GCC_OPTIMIZATION_LEVEL = 0;
				GCC_PREPROCESSOR_DEFINITIONS = (
					"DEBUG=1",
					"$(inherited)",
				);
				GCC_WARN_64_TO_32_BIT_CONVERSION = YES;
				GCC_WARN_ABOUT_RETURN_TYPE = YES_ERROR;
				GCC_WARN_UNDECLARED_SELECTOR = YES;
				GCC_WARN_UNINITIALIZED_AUTOS = YES_AGGRESSIVE;
				GCC_WARN_UNUSED_FUNCTION = YES;
				GCC_WARN_UNUSED_VARIABLE = YES;
				IPHONEOS_DEPLOYMENT_TARGET = 16.0;
				LOCALIZATION_PREFERS_STRING_CATALOGS = YES;
				MTL_ENABLE_DEBUG_INFO = INCLUDE_SOURCE;
				MTL_FAST_MATH = YES;
				ONLY_ACTIVE_ARCH = YES;
				SDKROOT = iphoneos;
				SWIFT_ACTIVE_COMPILATION_CONDITIONS = "DEBUG $(inherited)";
				SWIFT_OPTIMIZATION_LEVEL = "-Onone";
			};
			name = Debug;
		};
		D3BCBA7C2C8AED26002A9B1C /* Release */ = {
			isa = XCBuildConfiguration;
			buildSettings = {
				ALWAYS_SEARCH_USER_PATHS = NO;
				ASSETCATALOG_COMPILER_GENERATE_SWIFT_ASSET_SYMBOL_EXTENSIONS = YES;
				CLANG_ANALYZER_NONNULL = YES;
				CLANG_ANALYZER_NUMBER_OBJECT_CONVERSION = YES_AGGRESSIVE;
				CLANG_CXX_LANGUAGE_STANDARD = "gnu++20";
				CLANG_ENABLE_MODULES = YES;
				CLANG_ENABLE_OBJC_ARC = YES;
				CLANG_ENABLE_OBJC_WEAK = YES;
				CLANG_WARN_BLOCK_CAPTURE_AUTORELEASING = YES;
				CLANG_WARN_BOOL_CONVERSION = YES;
				CLANG_WARN_COMMA = YES;
				CLANG_WARN_CONSTANT_CONVERSION = YES;
				CLANG_WARN_DEPRECATED_OBJC_IMPLEMENTATIONS = YES;
				CLANG_WARN_DIRECT_OBJC_ISA_USAGE = YES_ERROR;
				CLANG_WARN_DOCUMENTATION_COMMENTS = YES;
				CLANG_WARN_EMPTY_BODY = YES;
				CLANG_WARN_ENUM_CONVERSION = YES;
				CLANG_WARN_INFINITE_RECURSION = YES;
				CLANG_WARN_INT_CONVERSION = YES;
				CLANG_WARN_NON_LITERAL_NULL_CONVERSION = YES;
				CLANG_WARN_OBJC_IMPLICIT_RETAIN_SELF = YES;
				CLANG_WARN_OBJC_LITERAL_CONVERSION = YES;
				CLANG_WARN_OBJC_ROOT_CLASS = YES_ERROR;
				CLANG_WARN_QUOTED_INCLUDE_IN_FRAMEWORK_HEADER = YES;
				CLANG_WARN_RANGE_LOOP_ANALYSIS = YES;
				CLANG_WARN_STRICT_PROTOTYPES = YES;
				CLANG_WARN_SUSPICIOUS_MOVE = YES;
				CLANG_WARN_UNGUARDED_AVAILABILITY = YES_AGGRESSIVE;
				CLANG_WARN_UNREACHABLE_CODE = YES;
				CLANG_WARN__DUPLICATE_METHOD_MATCH = YES;
				COPY_PHASE_STRIP = NO;
				DEBUG_INFORMATION_FORMAT = "dwarf-with-dsym";
				ENABLE_NS_ASSERTIONS = NO;
				ENABLE_STRICT_OBJC_MSGSEND = YES;
				ENABLE_USER_SCRIPT_SANDBOXING = YES;
				GCC_C_LANGUAGE_STANDARD = gnu17;
				GCC_NO_COMMON_BLOCKS = YES;
				GCC_WARN_64_TO_32_BIT_CONVERSION = YES;
				GCC_WARN_ABOUT_RETURN_TYPE = YES_ERROR;
				GCC_WARN_UNDECLARED_SELECTOR = YES;
				GCC_WARN_UNINITIALIZED_AUTOS = YES_AGGRESSIVE;
				GCC_WARN_UNUSED_FUNCTION = YES;
				GCC_WARN_UNUSED_VARIABLE = YES;
				IPHONEOS_DEPLOYMENT_TARGET = 16.0;
				LOCALIZATION_PREFERS_STRING_CATALOGS = YES;
				MTL_ENABLE_DEBUG_INFO = NO;
				MTL_FAST_MATH = YES;
				SDKROOT = iphoneos;
				SWIFT_COMPILATION_MODE = wholemodule;
				VALIDATE_PRODUCT = YES;
			};
			name = Release;
		};
		D3BCBA7E2C8AED26002A9B1C /* Debug */ = {
			isa = XCBuildConfiguration;
			buildSettings = {
				ASSETCATALOG_COMPILER_APPICON_NAME = AppIcon;
				ASSETCATALOG_COMPILER_GLOBAL_ACCENT_COLOR_NAME = AccentColor;
				CODE_SIGN_STYLE = Automatic;
				CURRENT_PROJECT_VERSION = 1;
				DEVELOPMENT_ASSET_PATHS = "\"HeroesDatabase/Supporting Files/Preview Content\"";
				DEVELOPMENT_TEAM = 3HC8HDK5T4;
				ENABLE_PREVIEWS = YES;
				GENERATE_INFOPLIST_FILE = YES;
				INFOPLIST_FILE = HeroesDatabase/Info.plist;
				INFOPLIST_KEY_UIApplicationSceneManifest_Generation = YES;
				INFOPLIST_KEY_UIApplicationSupportsIndirectInputEvents = YES;
				INFOPLIST_KEY_UILaunchScreen_Generation = YES;
				INFOPLIST_KEY_UISupportedInterfaceOrientations_iPad = "UIInterfaceOrientationPortrait UIInterfaceOrientationPortraitUpsideDown UIInterfaceOrientationLandscapeLeft UIInterfaceOrientationLandscapeRight";
				INFOPLIST_KEY_UISupportedInterfaceOrientations_iPhone = "UIInterfaceOrientationPortrait UIInterfaceOrientationLandscapeLeft UIInterfaceOrientationLandscapeRight";
				LD_RUNPATH_SEARCH_PATHS = (
					"$(inherited)",
					"@executable_path/Frameworks",
				);
				MARKETING_VERSION = 1.0;
				PRODUCT_BUNDLE_IDENTIFIER = com.deyvidyfs.HeroesDatabase;
				PRODUCT_NAME = "$(TARGET_NAME)";
				SWIFT_EMIT_LOC_STRINGS = YES;
				SWIFT_VERSION = 5.0;
				TARGETED_DEVICE_FAMILY = "1,2";
			};
			name = Debug;
		};
		D3BCBA7F2C8AED26002A9B1C /* Release */ = {
			isa = XCBuildConfiguration;
			buildSettings = {
				ASSETCATALOG_COMPILER_APPICON_NAME = AppIcon;
				ASSETCATALOG_COMPILER_GLOBAL_ACCENT_COLOR_NAME = AccentColor;
				CODE_SIGN_STYLE = Automatic;
				CURRENT_PROJECT_VERSION = 1;
				DEVELOPMENT_ASSET_PATHS = "\"HeroesDatabase/Supporting Files/Preview Content\"";
				DEVELOPMENT_TEAM = 3HC8HDK5T4;
				ENABLE_PREVIEWS = YES;
				GENERATE_INFOPLIST_FILE = YES;
				INFOPLIST_FILE = HeroesDatabase/Info.plist;
				INFOPLIST_KEY_UIApplicationSceneManifest_Generation = YES;
				INFOPLIST_KEY_UIApplicationSupportsIndirectInputEvents = YES;
				INFOPLIST_KEY_UILaunchScreen_Generation = YES;
				INFOPLIST_KEY_UISupportedInterfaceOrientations_iPad = "UIInterfaceOrientationPortrait UIInterfaceOrientationPortraitUpsideDown UIInterfaceOrientationLandscapeLeft UIInterfaceOrientationLandscapeRight";
				INFOPLIST_KEY_UISupportedInterfaceOrientations_iPhone = "UIInterfaceOrientationPortrait UIInterfaceOrientationLandscapeLeft UIInterfaceOrientationLandscapeRight";
				LD_RUNPATH_SEARCH_PATHS = (
					"$(inherited)",
					"@executable_path/Frameworks",
				);
				MARKETING_VERSION = 1.0;
				PRODUCT_BUNDLE_IDENTIFIER = com.deyvidyfs.HeroesDatabase;
				PRODUCT_NAME = "$(TARGET_NAME)";
				SWIFT_EMIT_LOC_STRINGS = YES;
				SWIFT_VERSION = 5.0;
				TARGETED_DEVICE_FAMILY = "1,2";
			};
			name = Release;
		};
		D3BCBA812C8AED26002A9B1C /* Debug */ = {
			isa = XCBuildConfiguration;
			buildSettings = {
				ALWAYS_EMBED_SWIFT_STANDARD_LIBRARIES = YES;
				BUNDLE_LOADER = "$(TEST_HOST)";
				CODE_SIGN_STYLE = Automatic;
				CURRENT_PROJECT_VERSION = 1;
				DEVELOPMENT_TEAM = 3HC8HDK5T4;
				GENERATE_INFOPLIST_FILE = YES;
				IPHONEOS_DEPLOYMENT_TARGET = 17.5;
				MARKETING_VERSION = 1.0;
				PRODUCT_BUNDLE_IDENTIFIER = com.deyvidyfs.HeroesDatabaseTests;
				PRODUCT_NAME = "$(TARGET_NAME)";
				SWIFT_EMIT_LOC_STRINGS = NO;
				SWIFT_VERSION = 5.0;
				TARGETED_DEVICE_FAMILY = "1,2";
				TEST_HOST = "$(BUILT_PRODUCTS_DIR)/HeroesDatabase.app/$(BUNDLE_EXECUTABLE_FOLDER_PATH)/HeroesDatabase";
			};
			name = Debug;
		};
		D3BCBA822C8AED26002A9B1C /* Release */ = {
			isa = XCBuildConfiguration;
			buildSettings = {
				ALWAYS_EMBED_SWIFT_STANDARD_LIBRARIES = YES;
				BUNDLE_LOADER = "$(TEST_HOST)";
				CODE_SIGN_STYLE = Automatic;
				CURRENT_PROJECT_VERSION = 1;
				DEVELOPMENT_TEAM = 3HC8HDK5T4;
				GENERATE_INFOPLIST_FILE = YES;
				IPHONEOS_DEPLOYMENT_TARGET = 17.5;
				MARKETING_VERSION = 1.0;
				PRODUCT_BUNDLE_IDENTIFIER = com.deyvidyfs.HeroesDatabaseTests;
				PRODUCT_NAME = "$(TARGET_NAME)";
				SWIFT_EMIT_LOC_STRINGS = NO;
				SWIFT_VERSION = 5.0;
				TARGETED_DEVICE_FAMILY = "1,2";
				TEST_HOST = "$(BUILT_PRODUCTS_DIR)/HeroesDatabase.app/$(BUNDLE_EXECUTABLE_FOLDER_PATH)/HeroesDatabase";
			};
			name = Release;
		};
		D3BCBA842C8AED26002A9B1C /* Debug */ = {
			isa = XCBuildConfiguration;
			buildSettings = {
				ALWAYS_EMBED_SWIFT_STANDARD_LIBRARIES = YES;
				CODE_SIGN_STYLE = Automatic;
				CURRENT_PROJECT_VERSION = 1;
				DEVELOPMENT_TEAM = 3HC8HDK5T4;
				GENERATE_INFOPLIST_FILE = YES;
				MARKETING_VERSION = 1.0;
				PRODUCT_BUNDLE_IDENTIFIER = com.deyvidyfs.HeroesDatabaseUITests;
				PRODUCT_NAME = "$(TARGET_NAME)";
				SWIFT_EMIT_LOC_STRINGS = NO;
				SWIFT_VERSION = 5.0;
				TARGETED_DEVICE_FAMILY = "1,2";
				TEST_TARGET_NAME = HeroesDatabase;
			};
			name = Debug;
		};
		D3BCBA852C8AED26002A9B1C /* Release */ = {
			isa = XCBuildConfiguration;
			buildSettings = {
				ALWAYS_EMBED_SWIFT_STANDARD_LIBRARIES = YES;
				CODE_SIGN_STYLE = Automatic;
				CURRENT_PROJECT_VERSION = 1;
				DEVELOPMENT_TEAM = 3HC8HDK5T4;
				GENERATE_INFOPLIST_FILE = YES;
				MARKETING_VERSION = 1.0;
				PRODUCT_BUNDLE_IDENTIFIER = com.deyvidyfs.HeroesDatabaseUITests;
				PRODUCT_NAME = "$(TARGET_NAME)";
				SWIFT_EMIT_LOC_STRINGS = NO;
				SWIFT_VERSION = 5.0;
				TARGETED_DEVICE_FAMILY = "1,2";
				TEST_TARGET_NAME = HeroesDatabase;
			};
			name = Release;
		};
/* End XCBuildConfiguration section */

/* Begin XCConfigurationList section */
		D3BCBA542C8AED23002A9B1C /* Build configuration list for PBXProject "HeroesDatabase" */ = {
			isa = XCConfigurationList;
			buildConfigurations = (
				D3BCBA7B2C8AED26002A9B1C /* Debug */,
				D3BCBA7C2C8AED26002A9B1C /* Release */,
			);
			defaultConfigurationIsVisible = 0;
			defaultConfigurationName = Release;
		};
		D3BCBA7D2C8AED26002A9B1C /* Build configuration list for PBXNativeTarget "HeroesDatabase" */ = {
			isa = XCConfigurationList;
			buildConfigurations = (
				D3BCBA7E2C8AED26002A9B1C /* Debug */,
				D3BCBA7F2C8AED26002A9B1C /* Release */,
			);
			defaultConfigurationIsVisible = 0;
			defaultConfigurationName = Release;
		};
		D3BCBA802C8AED26002A9B1C /* Build configuration list for PBXNativeTarget "HeroesDatabaseTests" */ = {
			isa = XCConfigurationList;
			buildConfigurations = (
				D3BCBA812C8AED26002A9B1C /* Debug */,
				D3BCBA822C8AED26002A9B1C /* Release */,
			);
			defaultConfigurationIsVisible = 0;
			defaultConfigurationName = Release;
		};
		D3BCBA832C8AED26002A9B1C /* Build configuration list for PBXNativeTarget "HeroesDatabaseUITests" */ = {
			isa = XCConfigurationList;
			buildConfigurations = (
				D3BCBA842C8AED26002A9B1C /* Debug */,
				D3BCBA852C8AED26002A9B1C /* Release */,
			);
			defaultConfigurationIsVisible = 0;
			defaultConfigurationName = Release;
		};
/* End XCConfigurationList section */

/* Begin XCRemoteSwiftPackageReference section */
		D3779A542C8F0583001A721A /* XCRemoteSwiftPackageReference "Reachability" */ = {
			isa = XCRemoteSwiftPackageReference;
			repositoryURL = "https://github.com/ashleymills/Reachability.swift";
			requirement = {
				branch = master;
				kind = branch;
			};
		};
		D3BCBA862C8AEFC9002A9B1C /* XCRemoteSwiftPackageReference "realm-swift" */ = {
			isa = XCRemoteSwiftPackageReference;
			repositoryURL = "https://github.com/realm/realm-swift.git";
			requirement = {
				branch = master;
				kind = branch;
			};
		};
		D3BCBA872C8AF0E9002A9B1C /* XCRemoteSwiftPackageReference "SwiftLintPlugins" */ = {
			isa = XCRemoteSwiftPackageReference;
			repositoryURL = "https://github.com/SimplyDanny/SwiftLintPlugins";
			requirement = {
				kind = upToNextMajorVersion;
				minimumVersion = 0.56.2;
			};
		};
/* End XCRemoteSwiftPackageReference section */

/* Begin XCSwiftPackageProductDependency section */
		D3779A572C8F06B1001A721A /* Reachability */ = {
			isa = XCSwiftPackageProductDependency;
			package = D3779A542C8F0583001A721A /* XCRemoteSwiftPackageReference "Reachability" */;
			productName = Reachability;
		};
/* End XCSwiftPackageProductDependency section */
	};
	rootObject = D3BCBA512C8AED23002A9B1C /* Project object */;
}
